{
    "_meta": {
        "hash": {
            "sha256": "92fea096d0148a1a9989f5aeef4156735867af774cbb408a0a2bf0f458781d46"
        },
        "pipfile-spec": 6,
        "requires": {
            "python_version": "3.8"
        },
        "sources": [
            {
                "name": "pypi",
                "url": "https://pypi.org/simple",
                "verify_ssl": true
            }
        ]
    },
    "default": {
        "pytube3": {
            "hashes": [
                "sha256:98ae480a2d637572582e5c8b2e90fb7495f6d3a56daaffa7b2055113380f7d61",
                "sha256:a02694b097c897a2afc68777e142a3d5268046960d01d4e01ac0584fda4499b1"
            ],
            "index": "pypi",
            "version": "==9.6.4"
        },
        "typing-extensions": {
            "hashes": [
                "sha256:7cb407020f00f7bfc3cb3e7881628838e69d8f3fcab2f64742a5e76b2f841918",
                "sha256:99d4073b617d30288f569d3f13d2bd7548c3a7e4c8de87db09a9d29bb3a4a60c",
                "sha256:dafc7639cde7f1b6e1acc0f457842a83e722ccca8eef5270af2d74792619a89f"
            ],
            "version": "==3.7.4.3"
        }
    },
    "develop": {}
}
